// !$*UTF8*$!
{
	archiveVersion = 1;
	classes = {
	};
	objectVersion = 56;
	objects = {

/* Begin PBXBuildFile section */
		542EA8CA2C11068C00AF45ED /* Notes Watch App.app in Embed Watch Content */ = {isa = PBXBuildFile; fileRef = 542EA8C92C11068C00AF45ED /* Notes Watch App.app */; settings = {ATTRIBUTES = (RemoveHeadersOnCopy, ); }; };
		542EA8CF2C11068C00AF45ED /* NotesApp.swift in Sources */ = {isa = PBXBuildFile; fileRef = 542EA8CE2C11068C00AF45ED /* NotesApp.swift */; };
		542EA8D12C11068C00AF45ED /* ContentView.swift in Sources */ = {isa = PBXBuildFile; fileRef = 542EA8D02C11068C00AF45ED /* ContentView.swift */; };
		542EA8D32C11068E00AF45ED /* Assets.xcassets in Resources */ = {isa = PBXBuildFile; fileRef = 542EA8D22C11068E00AF45ED /* Assets.xcassets */; };
		542EA8D62C11068E00AF45ED /* Preview Assets.xcassets in Resources */ = {isa = PBXBuildFile; fileRef = 542EA8D52C11068E00AF45ED /* Preview Assets.xcassets */; };
		542EA8E32C11083300AF45ED /* Note.swift in Sources */ = {isa = PBXBuildFile; fileRef = 542EA8E22C11083300AF45ED /* Note.swift */; };
		542EA8E52C1111C300AF45ED /* PlaceholderView.swift in Sources */ = {isa = PBXBuildFile; fileRef = 542EA8E42C1111C300AF45ED /* PlaceholderView.swift */; };
		542EA8E72C1112D600AF45ED /* DetailView.swift in Sources */ = {isa = PBXBuildFile; fileRef = 542EA8E62C1112D600AF45ED /* DetailView.swift */; };
		542EA8E92C11150600AF45ED /* CreditsView.swift in Sources */ = {isa = PBXBuildFile; fileRef = 542EA8E82C11150600AF45ED /* CreditsView.swift */; };
		542EA8EB2C11182A00AF45ED /* SettingsView.swift in Sources */ = {isa = PBXBuildFile; fileRef = 542EA8EA2C11182A00AF45ED /* SettingsView.swift */; };
/* End PBXBuildFile section */

/* Begin PBXContainerItemProxy section */
		542EA8CB2C11068C00AF45ED /* PBXContainerItemProxy */ = {
			isa = PBXContainerItemProxy;
			containerPortal = 542EA8BD2C11068C00AF45ED /* Project object */;
			proxyType = 1;
			remoteGlobalIDString = 542EA8C82C11068C00AF45ED;
			remoteInfo = "Notes Watch App";
		};
/* End PBXContainerItemProxy section */

/* Begin PBXCopyFilesBuildPhase section */
		542EA8DC2C11068E00AF45ED /* Embed Watch Content */ = {
			isa = PBXCopyFilesBuildPhase;
			buildActionMask = 2147483647;
			dstPath = "$(CONTENTS_FOLDER_PATH)/Watch";
			dstSubfolderSpec = 16;
			files = (
				542EA8CA2C11068C00AF45ED /* Notes Watch App.app in Embed Watch Content */,
			);
			name = "Embed Watch Content";
			runOnlyForDeploymentPostprocessing = 0;
		};
/* End PBXCopyFilesBuildPhase section */

/* Begin PBXFileReference section */
		542EA8C32C11068C00AF45ED /* Notes.app */ = {isa = PBXFileReference; explicitFileType = wrapper.application; includeInIndex = 0; path = Notes.app; sourceTree = BUILT_PRODUCTS_DIR; };
		542EA8C92C11068C00AF45ED /* Notes Watch App.app */ = {isa = PBXFileReference; explicitFileType = wrapper.application; includeInIndex = 0; path = "Notes Watch App.app"; sourceTree = BUILT_PRODUCTS_DIR; };
		542EA8CE2C11068C00AF45ED /* NotesApp.swift */ = {isa = PBXFileReference; lastKnownFileType = sourcecode.swift; path = NotesApp.swift; sourceTree = "<group>"; };
		542EA8D02C11068C00AF45ED /* ContentView.swift */ = {isa = PBXFileReference; lastKnownFileType = sourcecode.swift; path = ContentView.swift; sourceTree = "<group>"; };
		542EA8D22C11068E00AF45ED /* Assets.xcassets */ = {isa = PBXFileReference; lastKnownFileType = folder.assetcatalog; path = Assets.xcassets; sourceTree = "<group>"; };
		542EA8D52C11068E00AF45ED /* Preview Assets.xcassets */ = {isa = PBXFileReference; lastKnownFileType = folder.assetcatalog; path = "Preview Assets.xcassets"; sourceTree = "<group>"; };
		542EA8E22C11083300AF45ED /* Note.swift */ = {isa = PBXFileReference; lastKnownFileType = sourcecode.swift; path = Note.swift; sourceTree = "<group>"; };
		542EA8E42C1111C300AF45ED /* PlaceholderView.swift */ = {isa = PBXFileReference; lastKnownFileType = sourcecode.swift; path = PlaceholderView.swift; sourceTree = "<group>"; };
		542EA8E62C1112D600AF45ED /* DetailView.swift */ = {isa = PBXFileReference; lastKnownFileType = sourcecode.swift; path = DetailView.swift; sourceTree = "<group>"; };
		542EA8E82C11150600AF45ED /* CreditsView.swift */ = {isa = PBXFileReference; lastKnownFileType = sourcecode.swift; path = CreditsView.swift; sourceTree = "<group>"; };
		542EA8EA2C11182A00AF45ED /* SettingsView.swift */ = {isa = PBXFileReference; lastKnownFileType = sourcecode.swift; path = SettingsView.swift; sourceTree = "<group>"; };
/* End PBXFileReference section */

/* Begin PBXFrameworksBuildPhase section */
		542EA8C62C11068C00AF45ED /* Frameworks */ = {
			isa = PBXFrameworksBuildPhase;
			buildActionMask = 2147483647;
			files = (
			);
			runOnlyForDeploymentPostprocessing = 0;
		};
/* End PBXFrameworksBuildPhase section */

/* Begin PBXGroup section */
		542EA8BC2C11068C00AF45ED = {
			isa = PBXGroup;
			children = (
				542EA8CD2C11068C00AF45ED /* Notes Watch App */,
				542EA8C42C11068C00AF45ED /* Products */,
			);
			sourceTree = "<group>";
		};
		542EA8C42C11068C00AF45ED /* Products */ = {
			isa = PBXGroup;
			children = (
				542EA8C32C11068C00AF45ED /* Notes.app */,
				542EA8C92C11068C00AF45ED /* Notes Watch App.app */,
			);
			name = Products;
			sourceTree = "<group>";
		};
		542EA8CD2C11068C00AF45ED /* Notes Watch App */ = {
			isa = PBXGroup;
			children = (
				542EA8E12C11081500AF45ED /* Model */,
				542EA8E02C11080700AF45ED /* View */,
				542EA8CE2C11068C00AF45ED /* NotesApp.swift */,
				542EA8D22C11068E00AF45ED /* Assets.xcassets */,
				542EA8D42C11068E00AF45ED /* Preview Content */,
			);
			path = "Notes Watch App";
			sourceTree = "<group>";
		};
		542EA8D42C11068E00AF45ED /* Preview Content */ = {
			isa = PBXGroup;
			children = (
				542EA8D52C11068E00AF45ED /* Preview Assets.xcassets */,
			);
			path = "Preview Content";
			sourceTree = "<group>";
		};
		542EA8E02C11080700AF45ED /* View */ = {
			isa = PBXGroup;
			children = (
				542EA8D02C11068C00AF45ED /* ContentView.swift */,
				542EA8E42C1111C300AF45ED /* PlaceholderView.swift */,
				542EA8E62C1112D600AF45ED /* DetailView.swift */,
				542EA8E82C11150600AF45ED /* CreditsView.swift */,
				542EA8EA2C11182A00AF45ED /* SettingsView.swift */,
			);
			path = View;
			sourceTree = "<group>";
		};
		542EA8E12C11081500AF45ED /* Model */ = {
			isa = PBXGroup;
			children = (
				542EA8E22C11083300AF45ED /* Note.swift */,
			);
			path = Model;
			sourceTree = "<group>";
		};
/* End PBXGroup section */

/* Begin PBXNativeTarget section */
		542EA8C22C11068C00AF45ED /* Notes */ = {
			isa = PBXNativeTarget;
			buildConfigurationList = 542EA8DD2C11068E00AF45ED /* Build configuration list for PBXNativeTarget "Notes" */;
			buildPhases = (
				542EA8C12C11068C00AF45ED /* Resources */,
				542EA8DC2C11068E00AF45ED /* Embed Watch Content */,
			);
			buildRules = (
			);
			dependencies = (
				542EA8CC2C11068C00AF45ED /* PBXTargetDependency */,
			);
			name = Notes;
			productName = Notes;
			productReference = 542EA8C32C11068C00AF45ED /* Notes.app */;
			productType = "com.apple.product-type.application.watchapp2-container";
		};
		542EA8C82C11068C00AF45ED /* Notes Watch App */ = {
			isa = PBXNativeTarget;
			buildConfigurationList = 542EA8D92C11068E00AF45ED /* Build configuration list for PBXNativeTarget "Notes Watch App" */;
			buildPhases = (
				542EA8C52C11068C00AF45ED /* Sources */,
				542EA8C62C11068C00AF45ED /* Frameworks */,
				542EA8C72C11068C00AF45ED /* Resources */,
			);
			buildRules = (
			);
			dependencies = (
			);
			name = "Notes Watch App";
			productName = "Notes Watch App";
			productReference = 542EA8C92C11068C00AF45ED /* Notes Watch App.app */;
			productType = "com.apple.product-type.application";
		};
/* End PBXNativeTarget section */

/* Begin PBXProject section */
		542EA8BD2C11068C00AF45ED /* Project object */ = {
			isa = PBXProject;
			attributes = {
				BuildIndependentTargetsInParallel = 1;
				LastSwiftUpdateCheck = 1540;
				LastUpgradeCheck = 1540;
				ORGANIZATIONNAME = "Abhyuday Reddy Nandikonda";
				TargetAttributes = {
					542EA8C22C11068C00AF45ED = {
						CreatedOnToolsVersion = 15.4;
					};
					542EA8C82C11068C00AF45ED = {
						CreatedOnToolsVersion = 15.4;
					};
				};
			};
			buildConfigurationList = 542EA8C02C11068C00AF45ED /* Build configuration list for PBXProject "Notes" */;
			compatibilityVersion = "Xcode 14.0";
			developmentRegion = en;
			hasScannedForEncodings = 0;
			knownRegions = (
				en,
				Base,
			);
			mainGroup = 542EA8BC2C11068C00AF45ED;
			productRefGroup = 542EA8C42C11068C00AF45ED /* Products */;
			projectDirPath = "";
			projectRoot = "";
			targets = (
				542EA8C22C11068C00AF45ED /* Notes */,
				542EA8C82C11068C00AF45ED /* Notes Watch App */,
			);
		};
/* End PBXProject section */

/* Begin PBXResourcesBuildPhase section */
		542EA8C12C11068C00AF45ED /* Resources */ = {
			isa = PBXResourcesBuildPhase;
			buildActionMask = 2147483647;
			files = (
			);
			runOnlyForDeploymentPostprocessing = 0;
		};
		542EA8C72C11068C00AF45ED /* Resources */ = {
			isa = PBXResourcesBuildPhase;
			buildActionMask = 2147483647;
			files = (
				542EA8D62C11068E00AF45ED /* Preview Assets.xcassets in Resources */,
				542EA8D32C11068E00AF45ED /* Assets.xcassets in Resources */,
			);
			runOnlyForDeploymentPostprocessing = 0;
		};
/* End PBXResourcesBuildPhase section */

/* Begin PBXSourcesBuildPhase section */
		542EA8C52C11068C00AF45ED /* Sources */ = {
			isa = PBXSourcesBuildPhase;
			buildActionMask = 2147483647;
			files = (
				542EA8EB2C11182A00AF45ED /* SettingsView.swift in Sources */,
				542EA8D12C11068C00AF45ED /* ContentView.swift in Sources */,
				542EA8CF2C11068C00AF45ED /* NotesApp.swift in Sources */,
				542EA8E52C1111C300AF45ED /* PlaceholderView.swift in Sources */,
				542EA8E92C11150600AF45ED /* CreditsView.swift in Sources */,
				542EA8E72C1112D600AF45ED /* DetailView.swift in Sources */,
				542EA8E32C11083300AF45ED /* Note.swift in Sources */,
			);
			runOnlyForDeploymentPostprocessing = 0;
		};
/* End PBXSourcesBuildPhase section */

/* Begin PBXTargetDependency section */
		542EA8CC2C11068C00AF45ED /* PBXTargetDependency */ = {
			isa = PBXTargetDependency;
			target = 542EA8C82C11068C00AF45ED /* Notes Watch App */;
			targetProxy = 542EA8CB2C11068C00AF45ED /* PBXContainerItemProxy */;
		};
/* End PBXTargetDependency section */

/* Begin XCBuildConfiguration section */
		542EA8D72C11068E00AF45ED /* Debug */ = {
			isa = XCBuildConfiguration;
			buildSettings = {
				ALWAYS_SEARCH_USER_PATHS = NO;
				ASSETCATALOG_COMPILER_GENERATE_SWIFT_ASSET_SYMBOL_EXTENSIONS = YES;
				CLANG_ANALYZER_NONNULL = YES;
				CLANG_ANALYZER_NUMBER_OBJECT_CONVERSION = YES_AGGRESSIVE;
				CLANG_CXX_LANGUAGE_STANDARD = "gnu++20";
				CLANG_ENABLE_MODULES = YES;
				CLANG_ENABLE_OBJC_ARC = YES;
				CLANG_ENABLE_OBJC_WEAK = YES;
				CLANG_WARN_BLOCK_CAPTURE_AUTORELEASING = YES;
				CLANG_WARN_BOOL_CONVERSION = YES;
				CLANG_WARN_COMMA = YES;
				CLANG_WARN_CONSTANT_CONVERSION = YES;
				CLANG_WARN_DEPRECATED_OBJC_IMPLEMENTATIONS = YES;
				CLANG_WARN_DIRECT_OBJC_ISA_USAGE = YES_ERROR;
				CLANG_WARN_DOCUMENTATION_COMMENTS = YES;
				CLANG_WARN_EMPTY_BODY = YES;
				CLANG_WARN_ENUM_CONVERSION = YES;
				CLANG_WARN_INFINITE_RECURSION = YES;
				CLANG_WARN_INT_CONVERSION = YES;
				CLANG_WARN_NON_LITERAL_NULL_CONVERSION = YES;
				CLANG_WARN_OBJC_IMPLICIT_RETAIN_SELF = YES;
				CLANG_WARN_OBJC_LITERAL_CONVERSION = YES;
				CLANG_WARN_OBJC_ROOT_CLASS = YES_ERROR;
				CLANG_WARN_QUOTED_INCLUDE_IN_FRAMEWORK_HEADER = YES;
				CLANG_WARN_RANGE_LOOP_ANALYSIS = YES;
				CLANG_WARN_STRICT_PROTOTYPES = YES;
				CLANG_WARN_SUSPICIOUS_MOVE = YES;
				CLANG_WARN_UNGUARDED_AVAILABILITY = YES_AGGRESSIVE;
				CLANG_WARN_UNREACHABLE_CODE = YES;
				CLANG_WARN__DUPLICATE_METHOD_MATCH = YES;
				COPY_PHASE_STRIP = NO;
				DEBUG_INFORMATION_FORMAT = dwarf;
				ENABLE_STRICT_OBJC_MSGSEND = YES;
				ENABLE_TESTABILITY = YES;
				ENABLE_USER_SCRIPT_SANDBOXING = YES;
				GCC_C_LANGUAGE_STANDARD = gnu17;
				GCC_DYNAMIC_NO_PIC = NO;
				GCC_NO_COMMON_BLOCKS = YES;
				GCC_OPTIMIZATION_LEVEL = 0;
				GCC_PREPROCESSOR_DEFINITIONS = (
					"DEBUG=1",
					"$(inherited)",
				);
				GCC_WARN_64_TO_32_BIT_CONVERSION = YES;
				GCC_WARN_ABOUT_RETURN_TYPE = YES_ERROR;
				GCC_WARN_UNDECLARED_SELECTOR = YES;
				GCC_WARN_UNINITIALIZED_AUTOS = YES_AGGRESSIVE;
				GCC_WARN_UNUSED_FUNCTION = YES;
				GCC_WARN_UNUSED_VARIABLE = YES;
				LOCALIZATION_PREFERS_STRING_CATALOGS = YES;
				MTL_ENABLE_DEBUG_INFO = INCLUDE_SOURCE;
				MTL_FAST_MATH = YES;
				ONLY_ACTIVE_ARCH = YES;
				SWIFT_ACTIVE_COMPILATION_CONDITIONS = "DEBUG $(inherited)";
				SWIFT_OPTIMIZATION_LEVEL = "-Onone";
			};
			name = Debug;
		};
		542EA8D82C11068E00AF45ED /* Release */ = {
			isa = XCBuildConfiguration;
			buildSettings = {
				ALWAYS_SEARCH_USER_PATHS = NO;
				ASSETCATALOG_COMPILER_GENERATE_SWIFT_ASSET_SYMBOL_EXTENSIONS = YES;
				CLANG_ANALYZER_NONNULL = YES;
				CLANG_ANALYZER_NUMBER_OBJECT_CONVERSION = YES_AGGRESSIVE;
				CLANG_CXX_LANGUAGE_STANDARD = "gnu++20";
				CLANG_ENABLE_MODULES = YES;
				CLANG_ENABLE_OBJC_ARC = YES;
				CLANG_ENABLE_OBJC_WEAK = YES;
				CLANG_WARN_BLOCK_CAPTURE_AUTORELEASING = YES;
				CLANG_WARN_BOOL_CONVERSION = YES;
				CLANG_WARN_COMMA = YES;
				CLANG_WARN_CONSTANT_CONVERSION = YES;
				CLANG_WARN_DEPRECATED_OBJC_IMPLEMENTATIONS = YES;
				CLANG_WARN_DIRECT_OBJC_ISA_USAGE = YES_ERROR;
				CLANG_WARN_DOCUMENTATION_COMMENTS = YES;
				CLANG_WARN_EMPTY_BODY = YES;
				CLANG_WARN_ENUM_CONVERSION = YES;
				CLANG_WARN_INFINITE_RECURSION = YES;
				CLANG_WARN_INT_CONVERSION = YES;
				CLANG_WARN_NON_LITERAL_NULL_CONVERSION = YES;
				CLANG_WARN_OBJC_IMPLICIT_RETAIN_SELF = YES;
				CLANG_WARN_OBJC_LITERAL_CONVERSION = YES;
				CLANG_WARN_OBJC_ROOT_CLASS = YES_ERROR;
				CLANG_WARN_QUOTED_INCLUDE_IN_FRAMEWORK_HEADER = YES;
				CLANG_WARN_RANGE_LOOP_ANALYSIS = YES;
				CLANG_WARN_STRICT_PROTOTYPES = YES;
				CLANG_WARN_SUSPICIOUS_MOVE = YES;
				CLANG_WARN_UNGUARDED_AVAILABILITY = YES_AGGRESSIVE;
				CLANG_WARN_UNREACHABLE_CODE = YES;
				CLANG_WARN__DUPLICATE_METHOD_MATCH = YES;
				COPY_PHASE_STRIP = NO;
				DEBUG_INFORMATION_FORMAT = "dwarf-with-dsym";
				ENABLE_NS_ASSERTIONS = NO;
				ENABLE_STRICT_OBJC_MSGSEND = YES;
				ENABLE_USER_SCRIPT_SANDBOXING = YES;
				GCC_C_LANGUAGE_STANDARD = gnu17;
				GCC_NO_COMMON_BLOCKS = YES;
				GCC_WARN_64_TO_32_BIT_CONVERSION = YES;
				GCC_WARN_ABOUT_RETURN_TYPE = YES_ERROR;
				GCC_WARN_UNDECLARED_SELECTOR = YES;
				GCC_WARN_UNINITIALIZED_AUTOS = YES_AGGRESSIVE;
				GCC_WARN_UNUSED_FUNCTION = YES;
				GCC_WARN_UNUSED_VARIABLE = YES;
				LOCALIZATION_PREFERS_STRING_CATALOGS = YES;
				MTL_ENABLE_DEBUG_INFO = NO;
				MTL_FAST_MATH = YES;
				SWIFT_COMPILATION_MODE = wholemodule;
			};
			name = Release;
		};
		542EA8DA2C11068E00AF45ED /* Debug */ = {
			isa = XCBuildConfiguration;
			buildSettings = {
				ASSETCATALOG_COMPILER_APPICON_NAME = AppIcon;
				ASSETCATALOG_COMPILER_GLOBAL_ACCENT_COLOR_NAME = AccentColor;
				CODE_SIGN_STYLE = Automatic;
				CURRENT_PROJECT_VERSION = 1;
				DEVELOPMENT_ASSET_PATHS = "\"Notes Watch App/Preview Content\"";
				ENABLE_PREVIEWS = YES;
				GENERATE_INFOPLIST_FILE = YES;
				INFOPLIST_KEY_CFBundleDisplayName = Notes;
				INFOPLIST_KEY_UISupportedInterfaceOrientations = "UIInterfaceOrientationPortrait UIInterfaceOrientationPortraitUpsideDown";
				INFOPLIST_KEY_WKWatchOnly = YES;
				LD_RUNPATH_SEARCH_PATHS = (
					"$(inherited)",
					"@executable_path/Frameworks",
				);
				MARKETING_VERSION = 1.0;
				PRODUCT_BUNDLE_IDENTIFIER = com.test.Notes.watchkitapp;
				PRODUCT_NAME = "$(TARGET_NAME)";
				SDKROOT = watchos;
				SKIP_INSTALL = YES;
				SWIFT_EMIT_LOC_STRINGS = YES;
				SWIFT_VERSION = 5.0;
				TARGETED_DEVICE_FAMILY = 4;
				WATCHOS_DEPLOYMENT_TARGET = 10.5;
			};
			name = Debug;
		};
		542EA8DB2C11068E00AF45ED /* Release */ = {
			isa = XCBuildConfiguration;
			buildSettings = {
				ASSETCATALOG_COMPILER_APPICON_NAME = AppIcon;
				ASSETCATALOG_COMPILER_GLOBAL_ACCENT_COLOR_NAME = AccentColor;
				CODE_SIGN_STYLE = Automatic;
				CURRENT_PROJECT_VERSION = 1;
				DEVELOPMENT_ASSET_PATHS = "\"Notes Watch App/Preview Content\"";
				ENABLE_PREVIEWS = YES;
				GENERATE_INFOPLIST_FILE = YES;
				INFOPLIST_KEY_CFBundleDisplayName = Notes;
				INFOPLIST_KEY_UISupportedInterfaceOrientations = "UIInterfaceOrientationPortrait UIInterfaceOrientationPortraitUpsideDown";
				INFOPLIST_KEY_WKWatchOnly = YES;
				LD_RUNPATH_SEARCH_PATHS = (
					"$(inherited)",
					"@executable_path/Frameworks",
				);
				MARKETING_VERSION = 1.0;
				PRODUCT_BUNDLE_IDENTIFIER = com.test.Notes.watchkitapp;
				PRODUCT_NAME = "$(TARGET_NAME)";
				SDKROOT = watchos;
				SKIP_INSTALL = YES;
				SWIFT_EMIT_LOC_STRINGS = YES;
				SWIFT_VERSION = 5.0;
				TARGETED_DEVICE_FAMILY = 4;
				VALIDATE_PRODUCT = YES;
				WATCHOS_DEPLOYMENT_TARGET = 10.5;
			};
			name = Release;
		};
		542EA8DE2C11068E00AF45ED /* Debug */ = {
			isa = XCBuildConfiguration;
			buildSettings = {
				ALWAYS_EMBED_SWIFT_STANDARD_LIBRARIES = YES;
				CODE_SIGN_STYLE = Automatic;
				CURRENT_PROJECT_VERSION = 1;
				INFOPLIST_KEY_CFBundleDisplayName = Notes;
				MARKETING_VERSION = 1.0;
				PRODUCT_BUNDLE_IDENTIFIER = com.test.Notes;
				PRODUCT_NAME = "$(TARGET_NAME)";
				SDKROOT = iphoneos;
				SWIFT_VERSION = 5.0;
			};
			name = Debug;
		};
		542EA8DF2C11068E00AF45ED /* Release */ = {
			isa = XCBuildConfiguration;
			buildSettings = {
				ALWAYS_EMBED_SWIFT_STANDARD_LIBRARIES = YES;
				CODE_SIGN_STYLE = Automatic;
				CURRENT_PROJECT_VERSION = 1;
				INFOPLIST_KEY_CFBundleDisplayName = Notes;
				MARKETING_VERSION = 1.0;
				PRODUCT_BUNDLE_IDENTIFIER = com.test.Notes;
				PRODUCT_NAME = "$(TARGET_NAME)";
				SDKROOT = iphoneos;
				SWIFT_VERSION = 5.0;
				VALIDATE_PRODUCT = YES;
			};
			name = Release;
		};
/* End XCBuildConfiguration section */

/* Begin XCConfigurationList section */
		542EA8C02C11068C00AF45ED /* Build configuration list for PBXProject "Notes" */ = {
			isa = XCConfigurationList;
			buildConfigurations = (
				542EA8D72C11068E00AF45ED /* Debug */,
				542EA8D82C11068E00AF45ED /* Release */,
			);
			defaultConfigurationIsVisible = 0;
			defaultConfigurationName = Release;
		};
		542EA8D92C11068E00AF45ED /* Build configuration list for PBXNativeTarget "Notes Watch App" */ = {
			isa = XCConfigurationList;
			buildConfigurations = (
				542EA8DA2C11068E00AF45ED /* Debug */,
				542EA8DB2C11068E00AF45ED /* Release */,
			);
			defaultConfigurationIsVisible = 0;
			defaultConfigurationName = Release;
		};
		542EA8DD2C11068E00AF45ED /* Build configuration list for PBXNativeTarget "Notes" */ = {
			isa = XCConfigurationList;
			buildConfigurations = (
				542EA8DE2C11068E00AF45ED /* Debug */,
				542EA8DF2C11068E00AF45ED /* Release */,
			);
			defaultConfigurationIsVisible = 0;
			defaultConfigurationName = Release;
		};
/* End XCConfigurationList section */
	};
	rootObject = 542EA8BD2C11068C00AF45ED /* Project object */;
}
